// !$*UTF8*$!
{
	archiveVersion = 1;
	classes = {
	};
	objectVersion = 55;
	objects = {

/* Begin PBXBuildFile section */
		7F0D66DD27185FAC0098997B /* Info.swift in Sources */ = {isa = PBXBuildFile; fileRef = 7F0D66DC27185FAC0098997B /* Info.swift */; };
		7F0D66DF271864770098997B /* HistoryScreen.swift in Sources */ = {isa = PBXBuildFile; fileRef = 7F0D66DE271864770098997B /* HistoryScreen.swift */; };
		7F0D66E2271865F50098997B /* APIConstants.swift in Sources */ = {isa = PBXBuildFile; fileRef = 7F0D66E1271865F50098997B /* APIConstants.swift */; };
		7FCA06EA27172AE800C75EB7 /* AgeGuessApp.swift in Sources */ = {isa = PBXBuildFile; fileRef = 7FCA06E927172AE800C75EB7 /* AgeGuessApp.swift */; };
		7FCA06EE27172AF000C75EB7 /* Assets.xcassets in Resources */ = {isa = PBXBuildFile; fileRef = 7FCA06ED27172AF000C75EB7 /* Assets.xcassets */; };
		7FCA06F127172AF000C75EB7 /* Preview Assets.xcassets in Resources */ = {isa = PBXBuildFile; fileRef = 7FCA06F027172AF000C75EB7 /* Preview Assets.xcassets */; };
		7FCA06FB27172CD100C75EB7 /* LoadingView.swift in Sources */ = {isa = PBXBuildFile; fileRef = 7FCA06FA27172CD100C75EB7 /* LoadingView.swift */; };
		7FCA070327172DCC00C75EB7 /* GuessViewModel.swift in Sources */ = {isa = PBXBuildFile; fileRef = 7FCA070227172DCC00C75EB7 /* GuessViewModel.swift */; };
		7FCA070527172DDA00C75EB7 /* GuessService.swift in Sources */ = {isa = PBXBuildFile; fileRef = 7FCA070427172DDA00C75EB7 /* GuessService.swift */; };
		7FCA070727172DF900C75EB7 /* GuessView.swift in Sources */ = {isa = PBXBuildFile; fileRef = 7FCA070627172DF900C75EB7 /* GuessView.swift */; };
		7FCA070927172E0C00C75EB7 /* GuessScreen.swift in Sources */ = {isa = PBXBuildFile; fileRef = 7FCA070827172E0C00C75EB7 /* GuessScreen.swift */; };
/* End PBXBuildFile section */

/* Begin PBXFileReference section */
		7F0D66DC27185FAC0098997B /* Info.swift */ = {isa = PBXFileReference; lastKnownFileType = sourcecode.swift; path = Info.swift; sourceTree = "<group>"; };
		7F0D66DE271864770098997B /* HistoryScreen.swift */ = {isa = PBXFileReference; lastKnownFileType = sourcecode.swift; path = HistoryScreen.swift; sourceTree = "<group>"; };
		7F0D66E1271865F50098997B /* APIConstants.swift */ = {isa = PBXFileReference; lastKnownFileType = sourcecode.swift; path = APIConstants.swift; sourceTree = "<group>"; };
		7FCA06E627172AE800C75EB7 /* AgeGuess.app */ = {isa = PBXFileReference; explicitFileType = wrapper.application; includeInIndex = 0; path = AgeGuess.app; sourceTree = BUILT_PRODUCTS_DIR; };
		7FCA06E927172AE800C75EB7 /* AgeGuessApp.swift */ = {isa = PBXFileReference; lastKnownFileType = sourcecode.swift; path = AgeGuessApp.swift; sourceTree = "<group>"; };
		7FCA06ED27172AF000C75EB7 /* Assets.xcassets */ = {isa = PBXFileReference; lastKnownFileType = folder.assetcatalog; path = Assets.xcassets; sourceTree = "<group>"; };
		7FCA06F027172AF000C75EB7 /* Preview Assets.xcassets */ = {isa = PBXFileReference; lastKnownFileType = folder.assetcatalog; path = "Preview Assets.xcassets"; sourceTree = "<group>"; };
		7FCA06FA27172CD100C75EB7 /* LoadingView.swift */ = {isa = PBXFileReference; lastKnownFileType = sourcecode.swift; path = LoadingView.swift; sourceTree = "<group>"; };
		7FCA070227172DCC00C75EB7 /* GuessViewModel.swift */ = {isa = PBXFileReference; lastKnownFileType = sourcecode.swift; path = GuessViewModel.swift; sourceTree = "<group>"; };
		7FCA070427172DDA00C75EB7 /* GuessService.swift */ = {isa = PBXFileReference; lastKnownFileType = sourcecode.swift; name = GuessService.swift; path = AgeGuess/Feature/Guesses/ViewModel/GuessService.swift; sourceTree = SOURCE_ROOT; };
		7FCA070627172DF900C75EB7 /* GuessView.swift */ = {isa = PBXFileReference; lastKnownFileType = sourcecode.swift; path = GuessView.swift; sourceTree = "<group>"; };
		7FCA070827172E0C00C75EB7 /* GuessScreen.swift */ = {isa = PBXFileReference; lastKnownFileType = sourcecode.swift; path = GuessScreen.swift; sourceTree = "<group>"; };
/* End PBXFileReference section */

/* Begin PBXFrameworksBuildPhase section */
		7FCA06E327172AE800C75EB7 /* Frameworks */ = {
			isa = PBXFrameworksBuildPhase;
			buildActionMask = 2147483647;
			files = (
			);
			runOnlyForDeploymentPostprocessing = 0;
		};
/* End PBXFrameworksBuildPhase section */

/* Begin PBXGroup section */
		7F0D66E0271865DD0098997B /* Constants */ = {
			isa = PBXGroup;
			children = (
				7F0D66E1271865F50098997B /* APIConstants.swift */,
			);
			path = Constants;
			sourceTree = "<group>";
		};
		7FCA06DD27172AE700C75EB7 = {
			isa = PBXGroup;
			children = (
				7FCA06E827172AE800C75EB7 /* AgeGuess */,
				7FCA06E727172AE800C75EB7 /* Products */,
			);
			sourceTree = "<group>";
		};
		7FCA06E727172AE800C75EB7 /* Products */ = {
			isa = PBXGroup;
			children = (
				7FCA06E627172AE800C75EB7 /* AgeGuess.app */,
			);
			name = Products;
			sourceTree = "<group>";
		};
		7FCA06E827172AE800C75EB7 /* AgeGuess */ = {
			isa = PBXGroup;
			children = (
				7FCA06F727172B5500C75EB7 /* Base */,
				7FCA06F827172B6800C75EB7 /* Feature */,
				7FCA06E927172AE800C75EB7 /* AgeGuessApp.swift */,
				7FCA06ED27172AF000C75EB7 /* Assets.xcassets */,
				7FCA06EF27172AF000C75EB7 /* Preview Content */,
			);
			path = AgeGuess;
			sourceTree = "<group>";
		};
		7FCA06EF27172AF000C75EB7 /* Preview Content */ = {
			isa = PBXGroup;
			children = (
				7FCA06F027172AF000C75EB7 /* Preview Assets.xcassets */,
			);
			path = "Preview Content";
			sourceTree = "<group>";
		};
		7FCA06F727172B5500C75EB7 /* Base */ = {
			isa = PBXGroup;
			children = (
				7FCA06F927172CC000C75EB7 /* Views */,
				7F0D66E0271865DD0098997B /* Constants */,
			);
			path = Base;
			sourceTree = "<group>";
		};
		7FCA06F827172B6800C75EB7 /* Feature */ = {
			isa = PBXGroup;
			children = (
				7FCA06FC27172CF500C75EB7 /* Guesses */,
			);
			path = Feature;
			sourceTree = "<group>";
		};
		7FCA06F927172CC000C75EB7 /* Views */ = {
			isa = PBXGroup;
			children = (
				7FCA06FA27172CD100C75EB7 /* LoadingView.swift */,
			);
			path = Views;
			sourceTree = "<group>";
		};
		7FCA06FC27172CF500C75EB7 /* Guesses */ = {
			isa = PBXGroup;
			children = (
				7FCA06FD27172D1E00C75EB7 /* ViewModel */,
				7FCA06FE27172D2700C75EB7 /* Service */,
				7FCA06FF27172D4300C75EB7 /* Views */,
				7FCA070027172D6000C75EB7 /* Screen */,
				7FCA070127172D6700C75EB7 /* Model */,
			);
			path = Guesses;
			sourceTree = "<group>";
		};
		7FCA06FD27172D1E00C75EB7 /* ViewModel */ = {
			isa = PBXGroup;
			children = (
				7FCA070227172DCC00C75EB7 /* GuessViewModel.swift */,
			);
			path = ViewModel;
			sourceTree = "<group>";
		};
		7FCA06FE27172D2700C75EB7 /* Service */ = {
			isa = PBXGroup;
			children = (
				7FCA070427172DDA00C75EB7 /* GuessService.swift */,
			);
			path = Service;
			sourceTree = "<group>";
		};
		7FCA06FF27172D4300C75EB7 /* Views */ = {
			isa = PBXGroup;
			children = (
				7FCA070627172DF900C75EB7 /* GuessView.swift */,
			);
			path = Views;
			sourceTree = "<group>";
		};
		7FCA070027172D6000C75EB7 /* Screen */ = {
			isa = PBXGroup;
			children = (
				7FCA070827172E0C00C75EB7 /* GuessScreen.swift */,
				7F0D66DE271864770098997B /* HistoryScreen.swift */,
			);
			path = Screen;
			sourceTree = "<group>";
		};
		7FCA070127172D6700C75EB7 /* Model */ = {
			isa = PBXGroup;
			children = (
				7F0D66DC27185FAC0098997B /* Info.swift */,
			);
			path = Model;
			sourceTree = "<group>";
		};
/* End PBXGroup section */

/* Begin PBXNativeTarget section */
		7FCA06E527172AE800C75EB7 /* AgeGuess */ = {
			isa = PBXNativeTarget;
			buildConfigurationList = 7FCA06F427172AF000C75EB7 /* Build configuration list for PBXNativeTarget "AgeGuess" */;
			buildPhases = (
				7FCA06E227172AE800C75EB7 /* Sources */,
				7FCA06E327172AE800C75EB7 /* Frameworks */,
				7FCA06E427172AE800C75EB7 /* Resources */,
			);
			buildRules = (
			);
			dependencies = (
			);
			name = AgeGuess;
			productName = AgeGuess;
			productReference = 7FCA06E627172AE800C75EB7 /* AgeGuess.app */;
			productType = "com.apple.product-type.application";
		};
/* End PBXNativeTarget section */

/* Begin PBXProject section */
		7FCA06DE27172AE800C75EB7 /* Project object */ = {
			isa = PBXProject;
			attributes = {
				BuildIndependentTargetsInParallel = 1;
				LastSwiftUpdateCheck = 1300;
				LastUpgradeCheck = 1300;
				TargetAttributes = {
					7FCA06E527172AE800C75EB7 = {
						CreatedOnToolsVersion = 13.0;
					};
				};
			};
			buildConfigurationList = 7FCA06E127172AE800C75EB7 /* Build configuration list for PBXProject "AgeGuess" */;
			compatibilityVersion = "Xcode 13.0";
			developmentRegion = en;
			hasScannedForEncodings = 0;
			knownRegions = (
				en,
				Base,
			);
			mainGroup = 7FCA06DD27172AE700C75EB7;
			productRefGroup = 7FCA06E727172AE800C75EB7 /* Products */;
			projectDirPath = "";
			projectRoot = "";
			targets = (
				7FCA06E527172AE800C75EB7 /* AgeGuess */,
			);
		};
/* End PBXProject section */

/* Begin PBXResourcesBuildPhase section */
		7FCA06E427172AE800C75EB7 /* Resources */ = {
			isa = PBXResourcesBuildPhase;
			buildActionMask = 2147483647;
			files = (
				7FCA06F127172AF000C75EB7 /* Preview Assets.xcassets in Resources */,
				7FCA06EE27172AF000C75EB7 /* Assets.xcassets in Resources */,
			);
			runOnlyForDeploymentPostprocessing = 0;
		};
/* End PBXResourcesBuildPhase section */

/* Begin PBXSourcesBuildPhase section */
		7FCA06E227172AE800C75EB7 /* Sources */ = {
			isa = PBXSourcesBuildPhase;
			buildActionMask = 2147483647;
			files = (
				7F0D66DD27185FAC0098997B /* Info.swift in Sources */,
				7FCA070927172E0C00C75EB7 /* GuessScreen.swift in Sources */,
				7FCA06EA27172AE800C75EB7 /* AgeGuessApp.swift in Sources */,
				7F0D66DF271864770098997B /* HistoryScreen.swift in Sources */,
				7FCA070727172DF900C75EB7 /* GuessView.swift in Sources */,
				7F0D66E2271865F50098997B /* APIConstants.swift in Sources */,
				7FCA070327172DCC00C75EB7 /* GuessViewModel.swift in Sources */,
				7FCA070527172DDA00C75EB7 /* GuessService.swift in Sources */,
				7FCA06FB27172CD100C75EB7 /* LoadingView.swift in Sources */,
			);
			runOnlyForDeploymentPostprocessing = 0;
		};
/* End PBXSourcesBuildPhase section */

/* Begin XCBuildConfiguration section */
		7FCA06F227172AF000C75EB7 /* Debug */ = {
			isa = XCBuildConfiguration;
			buildSettings = {
				ALWAYS_SEARCH_USER_PATHS = NO;
				CLANG_ANALYZER_NONNULL = YES;
				CLANG_ANALYZER_NUMBER_OBJECT_CONVERSION = YES_AGGRESSIVE;
				CLANG_CXX_LANGUAGE_STANDARD = "gnu++17";
				CLANG_CXX_LIBRARY = "libc++";
				CLANG_ENABLE_MODULES = YES;
				CLANG_ENABLE_OBJC_ARC = YES;
				CLANG_ENABLE_OBJC_WEAK = YES;
				CLANG_WARN_BLOCK_CAPTURE_AUTORELEASING = YES;
				CLANG_WARN_BOOL_CONVERSION = YES;
				CLANG_WARN_COMMA = YES;
				CLANG_WARN_CONSTANT_CONVERSION = YES;
				CLANG_WARN_DEPRECATED_OBJC_IMPLEMENTATIONS = YES;
				CLANG_WARN_DIRECT_OBJC_ISA_USAGE = YES_ERROR;
				CLANG_WARN_DOCUMENTATION_COMMENTS = YES;
				CLANG_WARN_EMPTY_BODY = YES;
				CLANG_WARN_ENUM_CONVERSION = YES;
				CLANG_WARN_INFINITE_RECURSION = YES;
				CLANG_WARN_INT_CONVERSION = YES;
				CLANG_WARN_NON_LITERAL_NULL_CONVERSION = YES;
				CLANG_WARN_OBJC_IMPLICIT_RETAIN_SELF = YES;
				CLANG_WARN_OBJC_LITERAL_CONVERSION = YES;
				CLANG_WARN_OBJC_ROOT_CLASS = YES_ERROR;
				CLANG_WARN_QUOTED_INCLUDE_IN_FRAMEWORK_HEADER = YES;
				CLANG_WARN_RANGE_LOOP_ANALYSIS = YES;
				CLANG_WARN_STRICT_PROTOTYPES = YES;
				CLANG_WARN_SUSPICIOUS_MOVE = YES;
				CLANG_WARN_UNGUARDED_AVAILABILITY = YES_AGGRESSIVE;
				CLANG_WARN_UNREACHABLE_CODE = YES;
				CLANG_WARN__DUPLICATE_METHOD_MATCH = YES;
				COPY_PHASE_STRIP = NO;
				DEBUG_INFORMATION_FORMAT = dwarf;
				ENABLE_STRICT_OBJC_MSGSEND = YES;
				ENABLE_TESTABILITY = YES;
				GCC_C_LANGUAGE_STANDARD = gnu11;
				GCC_DYNAMIC_NO_PIC = NO;
				GCC_NO_COMMON_BLOCKS = YES;
				GCC_OPTIMIZATION_LEVEL = 0;
				GCC_PREPROCESSOR_DEFINITIONS = (
					"DEBUG=1",
					"$(inherited)",
				);
				GCC_WARN_64_TO_32_BIT_CONVERSION = YES;
				GCC_WARN_ABOUT_RETURN_TYPE = YES_ERROR;
				GCC_WARN_UNDECLARED_SELECTOR = YES;
				GCC_WARN_UNINITIALIZED_AUTOS = YES_AGGRESSIVE;
				GCC_WARN_UNUSED_FUNCTION = YES;
				GCC_WARN_UNUSED_VARIABLE = YES;
				IPHONEOS_DEPLOYMENT_TARGET = 15.0;
				MTL_ENABLE_DEBUG_INFO = INCLUDE_SOURCE;
				MTL_FAST_MATH = YES;
				ONLY_ACTIVE_ARCH = YES;
				SDKROOT = iphoneos;
				SWIFT_ACTIVE_COMPILATION_CONDITIONS = DEBUG;
				SWIFT_OPTIMIZATION_LEVEL = "-Onone";
			};
			name = Debug;
		};
		7FCA06F327172AF000C75EB7 /* Release */ = {
			isa = XCBuildConfiguration;
			buildSettings = {
				ALWAYS_SEARCH_USER_PATHS = NO;
				CLANG_ANALYZER_NONNULL = YES;
				CLANG_ANALYZER_NUMBER_OBJECT_CONVERSION = YES_AGGRESSIVE;
				CLANG_CXX_LANGUAGE_STANDARD = "gnu++17";
				CLANG_CXX_LIBRARY = "libc++";
				CLANG_ENABLE_MODULES = YES;
				CLANG_ENABLE_OBJC_ARC = YES;
				CLANG_ENABLE_OBJC_WEAK = YES;
				CLANG_WARN_BLOCK_CAPTURE_AUTORELEASING = YES;
				CLANG_WARN_BOOL_CONVERSION = YES;
				CLANG_WARN_COMMA = YES;
				CLANG_WARN_CONSTANT_CONVERSION = YES;
				CLANG_WARN_DEPRECATED_OBJC_IMPLEMENTATIONS = YES;
				CLANG_WARN_DIRECT_OBJC_ISA_USAGE = YES_ERROR;
				CLANG_WARN_DOCUMENTATION_COMMENTS = YES;
				CLANG_WARN_EMPTY_BODY = YES;
				CLANG_WARN_ENUM_CONVERSION = YES;
				CLANG_WARN_INFINITE_RECURSION = YES;
				CLANG_WARN_INT_CONVERSION = YES;
				CLANG_WARN_NON_LITERAL_NULL_CONVERSION = YES;
				CLANG_WARN_OBJC_IMPLICIT_RETAIN_SELF = YES;
				CLANG_WARN_OBJC_LITERAL_CONVERSION = YES;
				CLANG_WARN_OBJC_ROOT_CLASS = YES_ERROR;
				CLANG_WARN_QUOTED_INCLUDE_IN_FRAMEWORK_HEADER = YES;
				CLANG_WARN_RANGE_LOOP_ANALYSIS = YES;
				CLANG_WARN_STRICT_PROTOTYPES = YES;
				CLANG_WARN_SUSPICIOUS_MOVE = YES;
				CLANG_WARN_UNGUARDED_AVAILABILITY = YES_AGGRESSIVE;
				CLANG_WARN_UNREACHABLE_CODE = YES;
				CLANG_WARN__DUPLICATE_METHOD_MATCH = YES;
				COPY_PHASE_STRIP = NO;
				DEBUG_INFORMATION_FORMAT = "dwarf-with-dsym";
				ENABLE_NS_ASSERTIONS = NO;
				ENABLE_STRICT_OBJC_MSGSEND = YES;
				GCC_C_LANGUAGE_STANDARD = gnu11;
				GCC_NO_COMMON_BLOCKS = YES;
				GCC_WARN_64_TO_32_BIT_CONVERSION = YES;
				GCC_WARN_ABOUT_RETURN_TYPE = YES_ERROR;
				GCC_WARN_UNDECLARED_SELECTOR = YES;
				GCC_WARN_UNINITIALIZED_AUTOS = YES_AGGRESSIVE;
				GCC_WARN_UNUSED_FUNCTION = YES;
				GCC_WARN_UNUSED_VARIABLE = YES;
				IPHONEOS_DEPLOYMENT_TARGET = 15.0;
				MTL_ENABLE_DEBUG_INFO = NO;
				MTL_FAST_MATH = YES;
				SDKROOT = iphoneos;
				SWIFT_COMPILATION_MODE = wholemodule;
				SWIFT_OPTIMIZATION_LEVEL = "-O";
				VALIDATE_PRODUCT = YES;
			};
			name = Release;
		};
		7FCA06F527172AF000C75EB7 /* Debug */ = {
			isa = XCBuildConfiguration;
			buildSettings = {
				ASSETCATALOG_COMPILER_APPICON_NAME = AppIcon;
				ASSETCATALOG_COMPILER_GLOBAL_ACCENT_COLOR_NAME = AccentColor;
				CODE_SIGN_STYLE = Automatic;
				CURRENT_PROJECT_VERSION = 1;
				DEVELOPMENT_ASSET_PATHS = "\"AgeGuess/Preview Content\"";
				DEVELOPMENT_TEAM = 24S956KH53;
				ENABLE_PREVIEWS = YES;
				GENERATE_INFOPLIST_FILE = YES;
				INFOPLIST_KEY_UIApplicationSceneManifest_Generation = YES;
				INFOPLIST_KEY_UIApplicationSupportsIndirectInputEvents = YES;
				INFOPLIST_KEY_UILaunchScreen_Generation = YES;
				INFOPLIST_KEY_UISupportedInterfaceOrientations_iPad = "UIInterfaceOrientationPortrait UIInterfaceOrientationPortraitUpsideDown UIInterfaceOrientationLandscapeLeft UIInterfaceOrientationLandscapeRight";
				INFOPLIST_KEY_UISupportedInterfaceOrientations_iPhone = "UIInterfaceOrientationPortrait UIInterfaceOrientationLandscapeLeft UIInterfaceOrientationLandscapeRight";
				IPHONEOS_DEPLOYMENT_TARGET = 15.0;
				LD_RUNPATH_SEARCH_PATHS = (
					"$(inherited)",
					"@executable_path/Frameworks",
				);
				MARKETING_VERSION = 1.0;
				PRODUCT_BUNDLE_IDENTIFIER = ca.yeseokim.AgeGuess;
				PRODUCT_NAME = "$(TARGET_NAME)";
				SWIFT_EMIT_LOC_STRINGS = YES;
				SWIFT_VERSION = 5.0;
				TARGETED_DEVICE_FAMILY = "1,2";
			};
			name = Debug;
		};
		7FCA06F627172AF000C75EB7 /* Release */ = {
			isa = XCBuildConfiguration;
			buildSettings = {
				ASSETCATALOG_COMPILER_APPICON_NAME = AppIcon;
				ASSETCATALOG_COMPILER_GLOBAL_ACCENT_COLOR_NAME = AccentColor;
				CODE_SIGN_STYLE = Automatic;
				CURRENT_PROJECT_VERSION = 1;
				DEVELOPMENT_ASSET_PATHS = "\"AgeGuess/Preview Content\"";
				DEVELOPMENT_TEAM = 24S956KH53;
				ENABLE_PREVIEWS = YES;
				GENERATE_INFOPLIST_FILE = YES;
				INFOPLIST_KEY_UIApplicationSceneManifest_Generation = YES;
				INFOPLIST_KEY_UIApplicationSupportsIndirectInputEvents = YES;
				INFOPLIST_KEY_UILaunchScreen_Generation = YES;
				INFOPLIST_KEY_UISupportedInterfaceOrientations_iPad = "UIInterfaceOrientationPortrait UIInterfaceOrientationPortraitUpsideDown UIInterfaceOrientationLandscapeLeft UIInterfaceOrientationLandscapeRight";
				INFOPLIST_KEY_UISupportedInterfaceOrientations_iPhone = "UIInterfaceOrientationPortrait UIInterfaceOrientationLandscapeLeft UIInterfaceOrientationLandscapeRight";
				IPHONEOS_DEPLOYMENT_TARGET = 15.0;
				LD_RUNPATH_SEARCH_PATHS = (
					"$(inherited)",
					"@executable_path/Frameworks",
				);
				MARKETING_VERSION = 1.0;
				PRODUCT_BUNDLE_IDENTIFIER = ca.yeseokim.AgeGuess;
				PRODUCT_NAME = "$(TARGET_NAME)";
				SWIFT_EMIT_LOC_STRINGS = YES;
				SWIFT_VERSION = 5.0;
				TARGETED_DEVICE_FAMILY = "1,2";
			};
			name = Release;
		};
/* End XCBuildConfiguration section */

/* Begin XCConfigurationList section */
		7FCA06E127172AE800C75EB7 /* Build configuration list for PBXProject "AgeGuess" */ = {
			isa = XCConfigurationList;
			buildConfigurations = (
				7FCA06F227172AF000C75EB7 /* Debug */,
				7FCA06F327172AF000C75EB7 /* Release */,
			);
			defaultConfigurationIsVisible = 0;
			defaultConfigurationName = Release;
		};
		7FCA06F427172AF000C75EB7 /* Build configuration list for PBXNativeTarget "AgeGuess" */ = {
			isa = XCConfigurationList;
			buildConfigurations = (
				7FCA06F527172AF000C75EB7 /* Debug */,
				7FCA06F627172AF000C75EB7 /* Release */,
			);
			defaultConfigurationIsVisible = 0;
			defaultConfigurationName = Release;
		};
/* End XCConfigurationList section */
	};
	rootObject = 7FCA06DE27172AE800C75EB7 /* Project object */;
}
